[root]
name = "tobj_viewer"
version = "0.0.1"
dependencies = [
 "cgmath 0.7.0 (registry+https://github.com/rust-lang/crates.io-index)",
 "clock_ticks 0.1.0 (registry+https://github.com/rust-lang/crates.io-index)",
 "glium 0.9.1 (registry+https://github.com/rust-lang/crates.io-index)",
 "tobj 0.1.1 (registry+https://github.com/rust-lang/crates.io-index)",
]

[[package]]
name = "advapi32-sys"
version = "0.1.2"
source = "registry+https://github.com/rust-lang/crates.io-index"
dependencies = [
 "winapi 0.2.4 (registry+https://github.com/rust-lang/crates.io-index)",
 "winapi-build 0.1.1 (registry+https://github.com/rust-lang/crates.io-index)",
]

[[package]]
name = "android_glue"
version = "0.1.0"
source = "registry+https://github.com/rust-lang/crates.io-index"

[[package]]
name = "backtrace"
version = "0.1.5"
source = "registry+https://github.com/rust-lang/crates.io-index"
dependencies = [
 "backtrace-sys 0.1.2 (registry+https://github.com/rust-lang/crates.io-index)",
 "cfg-if 0.1.0 (registry+https://github.com/rust-lang/crates.io-index)",
 "dbghelp-sys 0.1.0 (registry+https://github.com/rust-lang/crates.io-index)",
 "debug-builders 0.1.0 (registry+https://github.com/rust-lang/crates.io-index)",
 "kernel32-sys 0.1.4 (registry+https://github.com/rust-lang/crates.io-index)",
 "libc 0.1.10 (registry+https://github.com/rust-lang/crates.io-index)",
 "winapi 0.2.4 (registry+https://github.com/rust-lang/crates.io-index)",
]

[[package]]
name = "backtrace-sys"
version = "0.1.2"
source = "registry+https://github.com/rust-lang/crates.io-index"
dependencies = [
 "libc 0.1.10 (registry+https://github.com/rust-lang/crates.io-index)",
]

[[package]]
name = "bitflags"
version = "0.1.1"
source = "registry+https://github.com/rust-lang/crates.io-index"

[[package]]
name = "bitflags"
version = "0.3.2"
source = "registry+https://github.com/rust-lang/crates.io-index"

[[package]]
name = "byteorder"
version = "0.3.13"
source = "registry+https://github.com/rust-lang/crates.io-index"

[[package]]
name = "cfg-if"
version = "0.1.0"
source = "registry+https://github.com/rust-lang/crates.io-index"

[[package]]
name = "cgl"
version = "0.1.0"
source = "registry+https://github.com/rust-lang/crates.io-index"
dependencies = [
 "gleam 0.1.10 (registry+https://github.com/rust-lang/crates.io-index)",
 "libc 0.1.10 (registry+https://github.com/rust-lang/crates.io-index)",
]

[[package]]
name = "cgmath"
version = "0.2.0"
source = "registry+https://github.com/rust-lang/crates.io-index"
dependencies = [
 "num 0.1.27 (registry+https://github.com/rust-lang/crates.io-index)",
 "rand 0.3.11 (registry+https://github.com/rust-lang/crates.io-index)",
 "rustc-serialize 0.3.16 (registry+https://github.com/rust-lang/crates.io-index)",
]

[[package]]
name = "cgmath"
version = "0.7.0"
source = "registry+https://github.com/rust-lang/crates.io-index"
dependencies = [
 "num 0.1.27 (registry+https://github.com/rust-lang/crates.io-index)",
 "rand 0.3.11 (registry+https://github.com/rust-lang/crates.io-index)",
 "rustc-serialize 0.3.16 (registry+https://github.com/rust-lang/crates.io-index)",
]

[[package]]
name = "clock_ticks"
version = "0.1.0"
source = "registry+https://github.com/rust-lang/crates.io-index"
dependencies = [
 "libc 0.1.10 (registry+https://github.com/rust-lang/crates.io-index)",
]

[[package]]
name = "cocoa"
version = "0.1.5"
source = "registry+https://github.com/rust-lang/crates.io-index"
dependencies = [
 "bitflags 0.3.2 (registry+https://github.com/rust-lang/crates.io-index)",
 "core-graphics 0.1.1 (registry+https://github.com/rust-lang/crates.io-index)",
 "libc 0.1.10 (registry+https://github.com/rust-lang/crates.io-index)",
 "objc 0.1.7 (registry+https://github.com/rust-lang/crates.io-index)",
]

[[package]]
name = "color_quant"
version = "1.0.0"
source = "registry+https://github.com/rust-lang/crates.io-index"

[[package]]
name = "core-foundation"
version = "0.1.0"
source = "registry+https://github.com/rust-lang/crates.io-index"
dependencies = [
 "libc 0.1.10 (registry+https://github.com/rust-lang/crates.io-index)",
]

[[package]]
name = "core-graphics"
version = "0.1.1"
source = "registry+https://github.com/rust-lang/crates.io-index"
dependencies = [
 "core-foundation 0.1.0 (registry+https://github.com/rust-lang/crates.io-index)",
 "libc 0.1.10 (registry+https://github.com/rust-lang/crates.io-index)",
]

[[package]]
name = "dbghelp-sys"
version = "0.1.0"
source = "registry+https://github.com/rust-lang/crates.io-index"
dependencies = [
 "winapi 0.2.4 (registry+https://github.com/rust-lang/crates.io-index)",
 "winapi-build 0.1.1 (registry+https://github.com/rust-lang/crates.io-index)",
]

[[package]]
name = "debug-builders"
version = "0.1.0"
source = "registry+https://github.com/rust-lang/crates.io-index"

[[package]]
name = "dlib"
version = "0.1.1"
source = "registry+https://github.com/rust-lang/crates.io-index"
dependencies = [
 "libc 0.1.10 (registry+https://github.com/rust-lang/crates.io-index)",
]

[[package]]
name = "dwmapi-sys"
version = "0.1.0"
source = "registry+https://github.com/rust-lang/crates.io-index"
dependencies = [
 "winapi 0.2.4 (registry+https://github.com/rust-lang/crates.io-index)",
 "winapi-build 0.1.1 (registry+https://github.com/rust-lang/crates.io-index)",
]

[[package]]
name = "dylib"
version = "0.0.1"
source = "registry+https://github.com/rust-lang/crates.io-index"
dependencies = [
 "libc 0.1.10 (registry+https://github.com/rust-lang/crates.io-index)",
]

[[package]]
name = "enum_primitive"
version = "0.0.1"
source = "registry+https://github.com/rust-lang/crates.io-index"
dependencies = [
 "num 0.1.27 (registry+https://github.com/rust-lang/crates.io-index)",
]

[[package]]
name = "flate2"
version = "0.2.9"
source = "registry+https://github.com/rust-lang/crates.io-index"
dependencies = [
 "libc 0.1.10 (registry+https://github.com/rust-lang/crates.io-index)",
 "miniz-sys 0.1.6 (registry+https://github.com/rust-lang/crates.io-index)",
]

[[package]]
name = "gcc"
version = "0.3.17"
source = "registry+https://github.com/rust-lang/crates.io-index"
dependencies = [
 "advapi32-sys 0.1.2 (registry+https://github.com/rust-lang/crates.io-index)",
 "winapi 0.2.4 (registry+https://github.com/rust-lang/crates.io-index)",
]

[[package]]
name = "gdi32-sys"
version = "0.1.1"
source = "registry+https://github.com/rust-lang/crates.io-index"
dependencies = [
 "winapi 0.2.4 (registry+https://github.com/rust-lang/crates.io-index)",
]

[[package]]
name = "gif"
version = "0.5.0"
source = "registry+https://github.com/rust-lang/crates.io-index"
dependencies = [
 "color_quant 1.0.0 (registry+https://github.com/rust-lang/crates.io-index)",
 "lzw 0.8.0 (registry+https://github.com/rust-lang/crates.io-index)",
]

[[package]]
name = "gl_common"
version = "0.1.0"
source = "registry+https://github.com/rust-lang/crates.io-index"
dependencies = [
 "libc 0.1.10 (registry+https://github.com/rust-lang/crates.io-index)",
]

[[package]]
name = "gl_generator"
version = "0.1.0"
source = "registry+https://github.com/rust-lang/crates.io-index"
dependencies = [
 "khronos_api 0.0.8 (registry+https://github.com/rust-lang/crates.io-index)",
 "log 0.3.2 (registry+https://github.com/rust-lang/crates.io-index)",
 "xml-rs 0.1.26 (registry+https://github.com/rust-lang/crates.io-index)",
]

[[package]]
name = "gleam"
version = "0.1.10"
source = "registry+https://github.com/rust-lang/crates.io-index"
dependencies = [
 "gl_common 0.1.0 (registry+https://github.com/rust-lang/crates.io-index)",
 "gl_generator 0.1.0 (registry+https://github.com/rust-lang/crates.io-index)",
 "khronos_api 0.0.8 (registry+https://github.com/rust-lang/crates.io-index)",
 "libc 0.1.10 (registry+https://github.com/rust-lang/crates.io-index)",
]

[[package]]
name = "glium"
version = "0.9.1"
source = "registry+https://github.com/rust-lang/crates.io-index"
dependencies = [
 "backtrace 0.1.5 (registry+https://github.com/rust-lang/crates.io-index)",
 "cgmath 0.2.0 (registry+https://github.com/rust-lang/crates.io-index)",
 "gl_common 0.1.0 (registry+https://github.com/rust-lang/crates.io-index)",
 "gl_generator 0.1.0 (registry+https://github.com/rust-lang/crates.io-index)",
 "glutin 0.3.7 (registry+https://github.com/rust-lang/crates.io-index)",
 "image 0.3.14 (registry+https://github.com/rust-lang/crates.io-index)",
 "khronos_api 0.0.8 (registry+https://github.com/rust-lang/crates.io-index)",
 "lazy_static 0.1.15 (registry+https://github.com/rust-lang/crates.io-index)",
 "libc 0.1.10 (registry+https://github.com/rust-lang/crates.io-index)",
 "nalgebra 0.2.23 (registry+https://github.com/rust-lang/crates.io-index)",
 "smallvec 0.1.5 (registry+https://github.com/rust-lang/crates.io-index)",
]

[[package]]
name = "glob"
version = "0.2.10"
source = "registry+https://github.com/rust-lang/crates.io-index"

[[package]]
name = "glutin"
version = "0.3.7"
source = "registry+https://github.com/rust-lang/crates.io-index"
dependencies = [
 "android_glue 0.1.0 (registry+https://github.com/rust-lang/crates.io-index)",
 "cgl 0.1.0 (registry+https://github.com/rust-lang/crates.io-index)",
 "cocoa 0.1.5 (registry+https://github.com/rust-lang/crates.io-index)",
 "core-foundation 0.1.0 (registry+https://github.com/rust-lang/crates.io-index)",
 "core-graphics 0.1.1 (registry+https://github.com/rust-lang/crates.io-index)",
 "dwmapi-sys 0.1.0 (registry+https://github.com/rust-lang/crates.io-index)",
 "gdi32-sys 0.1.1 (registry+https://github.com/rust-lang/crates.io-index)",
 "gl_common 0.1.0 (registry+https://github.com/rust-lang/crates.io-index)",
 "gl_generator 0.1.0 (registry+https://github.com/rust-lang/crates.io-index)",
 "kernel32-sys 0.1.4 (registry+https://github.com/rust-lang/crates.io-index)",
 "khronos_api 0.0.7 (registry+https://github.com/rust-lang/crates.io-index)",
 "lazy_static 0.1.15 (registry+https://github.com/rust-lang/crates.io-index)",
 "libc 0.1.10 (registry+https://github.com/rust-lang/crates.io-index)",
 "objc 0.1.7 (registry+https://github.com/rust-lang/crates.io-index)",
 "osmesa-sys 0.0.5 (registry+https://github.com/rust-lang/crates.io-index)",
 "shared_library 0.1.0 (registry+https://github.com/rust-lang/crates.io-index)",
 "shell32-sys 0.1.1 (registry+https://github.com/rust-lang/crates.io-index)",
 "user32-sys 0.1.2 (registry+https://github.com/rust-lang/crates.io-index)",
 "wayland-client 0.2.1 (registry+https://github.com/rust-lang/crates.io-index)",
 "wayland-kbd 0.2.0 (registry+https://github.com/rust-lang/crates.io-index)",
 "wayland-window 0.1.0 (registry+https://github.com/rust-lang/crates.io-index)",
 "winapi 0.2.4 (registry+https://github.com/rust-lang/crates.io-index)",
 "x11-dl 2.0.1 (registry+https://github.com/rust-lang/crates.io-index)",
]

[[package]]
name = "image"
version = "0.3.14"
source = "registry+https://github.com/rust-lang/crates.io-index"
dependencies = [
 "byteorder 0.3.13 (registry+https://github.com/rust-lang/crates.io-index)",
 "enum_primitive 0.0.1 (registry+https://github.com/rust-lang/crates.io-index)",
 "gif 0.5.0 (registry+https://github.com/rust-lang/crates.io-index)",
 "glob 0.2.10 (registry+https://github.com/rust-lang/crates.io-index)",
 "num 0.1.27 (registry+https://github.com/rust-lang/crates.io-index)",
 "png 0.3.1 (registry+https://github.com/rust-lang/crates.io-index)",
]

[[package]]
name = "kernel32-sys"
version = "0.1.4"
source = "registry+https://github.com/rust-lang/crates.io-index"
dependencies = [
 "winapi 0.2.4 (registry+https://github.com/rust-lang/crates.io-index)",
 "winapi-build 0.1.1 (registry+https://github.com/rust-lang/crates.io-index)",
]

[[package]]
name = "khronos_api"
version = "0.0.7"
source = "registry+https://github.com/rust-lang/crates.io-index"

[[package]]
name = "khronos_api"
version = "0.0.8"
source = "registry+https://github.com/rust-lang/crates.io-index"

[[package]]
name = "lazy_static"
version = "0.1.15"
source = "registry+https://github.com/rust-lang/crates.io-index"

[[package]]
name = "libc"
version = "0.1.10"
source = "registry+https://github.com/rust-lang/crates.io-index"

[[package]]
name = "log"
version = "0.3.2"
source = "registry+https://github.com/rust-lang/crates.io-index"
dependencies = [
 "libc 0.1.10 (registry+https://github.com/rust-lang/crates.io-index)",
]

[[package]]
name = "lzw"
version = "0.8.0"
source = "registry+https://github.com/rust-lang/crates.io-index"

[[package]]
name = "malloc_buf"
version = "0.0.5"
source = "registry+https://github.com/rust-lang/crates.io-index"
dependencies = [
 "libc 0.1.10 (registry+https://github.com/rust-lang/crates.io-index)",
]

[[package]]
name = "miniz-sys"
version = "0.1.6"
source = "registry+https://github.com/rust-lang/crates.io-index"
dependencies = [
 "gcc 0.3.17 (registry+https://github.com/rust-lang/crates.io-index)",
 "libc 0.1.10 (registry+https://github.com/rust-lang/crates.io-index)",
]

[[package]]
name = "mmap"
version = "0.1.1"
source = "registry+https://github.com/rust-lang/crates.io-index"
dependencies = [
 "libc 0.1.10 (registry+https://github.com/rust-lang/crates.io-index)",
 "tempdir 0.3.4 (registry+https://github.com/rust-lang/crates.io-index)",
]

[[package]]
name = "nalgebra"
version = "0.2.23"
source = "registry+https://github.com/rust-lang/crates.io-index"
dependencies = [
 "num 0.1.27 (registry+https://github.com/rust-lang/crates.io-index)",
 "rand 0.3.11 (registry+https://github.com/rust-lang/crates.io-index)",
 "rustc-serialize 0.3.16 (registry+https://github.com/rust-lang/crates.io-index)",
]

[[package]]
name = "num"
version = "0.1.27"
source = "registry+https://github.com/rust-lang/crates.io-index"
dependencies = [
 "rand 0.3.11 (registry+https://github.com/rust-lang/crates.io-index)",
 "rustc-serialize 0.3.16 (registry+https://github.com/rust-lang/crates.io-index)",
]

[[package]]
name = "objc"
version = "0.1.7"
source = "registry+https://github.com/rust-lang/crates.io-index"
dependencies = [
 "libc 0.1.10 (registry+https://github.com/rust-lang/crates.io-index)",
 "malloc_buf 0.0.5 (registry+https://github.com/rust-lang/crates.io-index)",
]

[[package]]
name = "osmesa-sys"
version = "0.0.5"
source = "registry+https://github.com/rust-lang/crates.io-index"
dependencies = [
 "libc 0.1.10 (registry+https://github.com/rust-lang/crates.io-index)",
 "shared_library 0.1.0 (registry+https://github.com/rust-lang/crates.io-index)",
]

[[package]]
name = "png"
version = "0.3.1"
source = "registry+https://github.com/rust-lang/crates.io-index"
dependencies = [
 "bitflags 0.3.2 (registry+https://github.com/rust-lang/crates.io-index)",
 "flate2 0.2.9 (registry+https://github.com/rust-lang/crates.io-index)",
 "libc 0.1.10 (registry+https://github.com/rust-lang/crates.io-index)",
 "num 0.1.27 (registry+https://github.com/rust-lang/crates.io-index)",
]

[[package]]
name = "rand"
version = "0.3.11"
source = "registry+https://github.com/rust-lang/crates.io-index"
dependencies = [
 "advapi32-sys 0.1.2 (registry+https://github.com/rust-lang/crates.io-index)",
 "libc 0.1.10 (registry+https://github.com/rust-lang/crates.io-index)",
 "winapi 0.2.4 (registry+https://github.com/rust-lang/crates.io-index)",
]

[[package]]
name = "rustc-serialize"
version = "0.3.16"
source = "registry+https://github.com/rust-lang/crates.io-index"

[[package]]
name = "shared_library"
version = "0.1.0"
source = "registry+https://github.com/rust-lang/crates.io-index"
dependencies = [
 "lazy_static 0.1.15 (registry+https://github.com/rust-lang/crates.io-index)",
 "libc 0.1.10 (registry+https://github.com/rust-lang/crates.io-index)",
]

[[package]]
name = "shell32-sys"
version = "0.1.1"
source = "registry+https://github.com/rust-lang/crates.io-index"
dependencies = [
 "winapi 0.2.4 (registry+https://github.com/rust-lang/crates.io-index)",
 "winapi-build 0.1.1 (registry+https://github.com/rust-lang/crates.io-index)",
]

[[package]]
name = "smallvec"
version = "0.1.5"
source = "registry+https://github.com/rust-lang/crates.io-index"

[[package]]
name = "tempdir"
version = "0.3.4"
source = "registry+https://github.com/rust-lang/crates.io-index"
dependencies = [
 "rand 0.3.11 (registry+https://github.com/rust-lang/crates.io-index)",
]

[[package]]
name = "tempfile"
version = "1.1.1"
source = "registry+https://github.com/rust-lang/crates.io-index"
dependencies = [
 "kernel32-sys 0.1.4 (registry+https://github.com/rust-lang/crates.io-index)",
 "libc 0.1.10 (registry+https://github.com/rust-lang/crates.io-index)",
 "rand 0.3.11 (registry+https://github.com/rust-lang/crates.io-index)",
 "winapi 0.2.4 (registry+https://github.com/rust-lang/crates.io-index)",
]

[[package]]
name = "tobj"
version = "0.1.1"
source = "registry+https://github.com/rust-lang/crates.io-index"

[[package]]
name = "user32-sys"
version = "0.1.2"
source = "registry+https://github.com/rust-lang/crates.io-index"
dependencies = [
 "winapi 0.2.4 (registry+https://github.com/rust-lang/crates.io-index)",
 "winapi-build 0.1.1 (registry+https://github.com/rust-lang/crates.io-index)",
]

[[package]]
name = "wayland-client"
version = "0.2.1"
source = "registry+https://github.com/rust-lang/crates.io-index"
dependencies = [
 "bitflags 0.3.2 (registry+https://github.com/rust-lang/crates.io-index)",
 "dlib 0.1.1 (registry+https://github.com/rust-lang/crates.io-index)",
 "lazy_static 0.1.15 (registry+https://github.com/rust-lang/crates.io-index)",
 "libc 0.1.10 (registry+https://github.com/rust-lang/crates.io-index)",
]

[[package]]
name = "wayland-kbd"
version = "0.2.0"
source = "registry+https://github.com/rust-lang/crates.io-index"
dependencies = [
 "bitflags 0.1.1 (registry+https://github.com/rust-lang/crates.io-index)",
 "lazy_static 0.1.15 (registry+https://github.com/rust-lang/crates.io-index)",
 "libc 0.1.10 (registry+https://github.com/rust-lang/crates.io-index)",
 "mmap 0.1.1 (registry+https://github.com/rust-lang/crates.io-index)",
 "wayland-client 0.2.1 (registry+https://github.com/rust-lang/crates.io-index)",
]

[[package]]
name = "wayland-window"
version = "0.1.0"
source = "registry+https://github.com/rust-lang/crates.io-index"
dependencies = [
 "byteorder 0.3.13 (registry+https://github.com/rust-lang/crates.io-index)",
 "tempfile 1.1.1 (registry+https://github.com/rust-lang/crates.io-index)",
 "wayland-client 0.2.1 (registry+https://github.com/rust-lang/crates.io-index)",
]

[[package]]
name = "winapi"
version = "0.2.4"
source = "registry+https://github.com/rust-lang/crates.io-index"

[[package]]
name = "winapi-build"
version = "0.1.1"
source = "registry+https://github.com/rust-lang/crates.io-index"

[[package]]
name = "x11-dl"
version = "2.0.1"
source = "registry+https://github.com/rust-lang/crates.io-index"
dependencies = [
 "dylib 0.0.1 (registry+https://github.com/rust-lang/crates.io-index)",
 "libc 0.1.10 (registry+https://github.com/rust-lang/crates.io-index)",
]

[[package]]
name = "xml-rs"
version = "0.1.26"
source = "registry+https://github.com/rust-lang/crates.io-index"
dependencies = [
 "bitflags 0.3.2 (registry+https://github.com/rust-lang/crates.io-index)",
]

[metadata]
"checksum advapi32-sys 0.1.2 (registry+https://github.com/rust-lang/crates.io-index)" = "307c92332867e586720c0222ee9d890bbe8431711efed8a1b06bc5b40fc66bd7"
"checksum android_glue 0.1.0 (registry+https://github.com/rust-lang/crates.io-index)" = "35807405c33460e02499ccbe914e91eb1e32ee4dd3ada9f07851910b6be11568"
"checksum backtrace 0.1.5 (registry+https://github.com/rust-lang/crates.io-index)" = "bd42860715964764edf21681774700d9bb76d2ea3763deba9fff1e14abe1ae7d"
"checksum backtrace-sys 0.1.2 (registry+https://github.com/rust-lang/crates.io-index)" = "456abad4656b4d6e7cf8bdd53d5039804b4b15548e7706c678639e3a4a19e60f"
"checksum bitflags 0.1.1 (registry+https://github.com/rust-lang/crates.io-index)" = "2a6577517ecd0ee0934f48a7295a89aaef3e6dfafeac404f94c0b3448518ddfe"
"checksum bitflags 0.3.2 (registry+https://github.com/rust-lang/crates.io-index)" = "65fee84cb17ca0b1f86b3870caad42a966b58366caed5a1651c6eb7f415ac545"
"checksum byteorder 0.3.13 (registry+https://github.com/rust-lang/crates.io-index)" = "29b2aa490a8f546381308d68fc79e6bd753cd3ad839f7a7172897f1feedfa175"
"checksum cfg-if 0.1.0 (registry+https://github.com/rust-lang/crates.io-index)" = "de1e760d7b6535af4241fca8bd8adf68e2e7edacc6b29f5d399050c5e48cf88c"
"checksum cgl 0.1.0 (registry+https://github.com/rust-lang/crates.io-index)" = "158f3c3bb59a10625079f4c16aaa301be684d8a82816e373aa0b7c2784dc7732"
"checksum cgmath 0.2.0 (registry+https://github.com/rust-lang/crates.io-index)" = "2a542067a7ab34895de27ec7cc458a39a198e6020b8fdbb59c005d67d2f08d53"
"checksum cgmath 0.7.0 (registry+https://github.com/rust-lang/crates.io-index)" = "75e93b3eb66e74ffb946a69ff54c6026c1399960241c843f249ea0127b96b9f6"
"checksum clock_ticks 0.1.0 (registry+https://github.com/rust-lang/crates.io-index)" = "da9bd98fefcf1904a3f80ead86d366d9373c34db7b8a8e48c1fdcaac4787800d"
"checksum cocoa 0.1.5 (registry+https://github.com/rust-lang/crates.io-index)" = "e76ecf9aff5bec80bb5bdcdca4fe87d7d7871289c68d8a7a1a1281f9ce61ed62"
"checksum color_quant 1.0.0 (registry+https://github.com/rust-lang/crates.io-index)" = "a475fc4af42d83d28adf72968d9bcfaf035a1a9381642d8e85d8a04957767b0d"
"checksum core-foundation 0.1.0 (registry+https://github.com/rust-lang/crates.io-index)" = "f45c50f4080d6f923cbb5097409dc2c8927bd9c188e83b98e9f319cf7dbaaf38"
"checksum core-graphics 0.1.1 (registry+https://github.com/rust-lang/crates.io-index)" = "e2e1e0b812fe3f09d9c9db5b69aca3b8fc09a66a10ea4e5b90e4fab8e1c583f9"
"checksum dbghelp-sys 0.1.0 (registry+https://github.com/rust-lang/crates.io-index)" = "8c29c52d6930e720b7fc8343a6c9e084d71a51e609b4900c99408ae3a48533f0"
"checksum debug-builders 0.1.0 (registry+https://github.com/rust-lang/crates.io-index)" = "0f5d8e3d14cabcb2a8a59d7147289173c6ada77a0bc526f6b85078f941c0cf12"
"checksum dlib 0.1.1 (registry+https://github.com/rust-lang/crates.io-index)" = "a41390bb218345cee5af31cdc5961003edeac3707ad502ac714a60dab0ecb5f1"
"checksum dwmapi-sys 0.1.0 (registry+https://github.com/rust-lang/crates.io-index)" = "07c4c7cc7b396419bc0a4d90371d0cee16cb5053b53647d287c0b728000c41fe"
"checksum dylib 0.0.1 (registry+https://github.com/rust-lang/crates.io-index)" = "cdff070fc467d71f23c5ac5ebfa0867e8f31146ef529b777723e8cba815e47ae"
"checksum enum_primitive 0.0.1 (registry+https://github.com/rust-lang/crates.io-index)" = "018bcb92595d1ef459a6aa3ab89b7d4b524f15d51d4af3d4d17707f582baf5dd"
"checksum flate2 0.2.9 (registry+https://github.com/rust-lang/crates.io-index)" = "03d49ee68a7644f6db4171e2979fda5482c89cfd31854102b10108f77c92a642"
"checksum gcc 0.3.17 (registry+https://github.com/rust-lang/crates.io-index)" = "63a90572c55fc82a098397b122c7afe530a768a106c50dea63c7c89609ee52d5"
"checksum gdi32-sys 0.1.1 (registry+https://github.com/rust-lang/crates.io-index)" = "65256ec4dc2592e6f05bfc1ca3b956a4e0698aa90b1dff1f5687d55a5a3fd59a"
"checksum gif 0.5.0 (registry+https://github.com/rust-lang/crates.io-index)" = "ba648396a027fb748cf929be8a0f54357be6ea37884fc0ccbd1c2d177519427b"
"checksum gl_common 0.1.0 (registry+https://github.com/rust-lang/crates.io-index)" = "c83fd30537051fe4abbcfb80f982d4bdd63038c66bd4346e4ac674892e06b1ca"
"checksum gl_generator 0.1.0 (registry+https://github.com/rust-lang/crates.io-index)" = "8b3aa2b0108cb471ee0d4526c24f1ba7f6e851929fbddc3cd219bfa0850a4961"
"checksum gleam 0.1.10 (registry+https://github.com/rust-lang/crates.io-index)" = "80cddc8f130a6a61690c4bc71bd141c646dc3e3733f52112546ff24466c8792d"
"checksum glium 0.9.1 (registry+https://github.com/rust-lang/crates.io-index)" = "95b0e30ad813ef628cf55352756dfb4434f1a53b9da5b42df6ab85ea0ea3314f"
"checksum glob 0.2.10 (registry+https://github.com/rust-lang/crates.io-index)" = "eb4d47ed2ef6a2600c4f7d81b66aa6b54538b3feae0582ffb918773fcb89408b"
"checksum glutin 0.3.7 (registry+https://github.com/rust-lang/crates.io-index)" = "1ea299f0b833bd6b6faa25a16cdd8e7ba69999f23d869b350c7b4fb0d5c56f68"
"checksum image 0.3.14 (registry+https://github.com/rust-lang/crates.io-index)" = "f8cc6ade72aad1bbd79143b072ce071169b1ca9c62c47d3ead51e41d1701daad"
"checksum kernel32-sys 0.1.4 (registry+https://github.com/rust-lang/crates.io-index)" = "e014dab1082fd9d80ea1fa6fcb261b47ed3eb511612a14198bb507701add083e"
"checksum khronos_api 0.0.7 (registry+https://github.com/rust-lang/crates.io-index)" = "9e623bb7be2f86597a1b474748f3b91f971ed91f79521e8ec41e826c94cea91c"
"checksum khronos_api 0.0.8 (registry+https://github.com/rust-lang/crates.io-index)" = "292227cfb1e811f7e974c427753fc8539394c6370a6849899306eedf2a478579"
"checksum lazy_static 0.1.15 (registry+https://github.com/rust-lang/crates.io-index)" = "547fd11b0400fbab39f7a6df53c648cfb01b977233015d9e0784d595a5a6c449"
"checksum libc 0.1.10 (registry+https://github.com/rust-lang/crates.io-index)" = "cd70bd1f9f3bfadfdcdf92869faecc795686617d3a9acfe74d0c89a4bb6d142b"
"checksum log 0.3.2 (registry+https://github.com/rust-lang/crates.io-index)" = "0b31520293fb0bea11a3b5ffde21bce34b00c063c42366948af845bb68a18522"
"checksum lzw 0.8.0 (registry+https://github.com/rust-lang/crates.io-index)" = "6c2f40d7948abf9bc9be344c4f7ece32c76c6305985766c5ca83e726cfa428f8"
"checksum malloc_buf 0.0.5 (registry+https://github.com/rust-lang/crates.io-index)" = "e7ce33e1b826b2a867e1d19df32641edb5e5bf5b3a934c11c922e27394d3e84a"
"checksum miniz-sys 0.1.6 (registry+https://github.com/rust-lang/crates.io-index)" = "3609b03b92228e75168a5edfaabb8358eca30e91d02ff5718bc36ea0c4c03c02"
"checksum mmap 0.1.1 (registry+https://github.com/rust-lang/crates.io-index)" = "0bc85448a6006dd2ba26a385a564a8a0f1f2c7e78c70f1a70b2e0f4af286b823"
"checksum nalgebra 0.2.23 (registry+https://github.com/rust-lang/crates.io-index)" = "dc0de530fa41bda538bdfd8d63a348247e5ae1e795edaf946a3dac4cc7ee2da6"
"checksum num 0.1.27 (registry+https://github.com/rust-lang/crates.io-index)" = "4251ea00b7fa74610f0685b55495fcc86e4971b1951cb732b91d817f71bcae7c"
"checksum objc 0.1.7 (registry+https://github.com/rust-lang/crates.io-index)" = "225cd1fd79323c64b0d913940e7d3bc7921e6c8292fe654fc2066a1718515931"
"checksum osmesa-sys 0.0.5 (registry+https://github.com/rust-lang/crates.io-index)" = "e25c2d8d70fa255d45c280df2c6c22c89cca2b2bbb98a11f223d7cd5d5c5369d"
"checksum png 0.3.1 (registry+https://github.com/rust-lang/crates.io-index)" = "dcb6fb72bb7dd488aa1555ac0dfbf638cd76533ba8502722c3de4cbf2e0efdd1"
"checksum rand 0.3.11 (registry+https://github.com/rust-lang/crates.io-index)" = "9f7c7a46a8a1f876a89c594f7171a4152f5d7db20bfd4861c4f59b314ee81bff"
"checksum rustc-serialize 0.3.16 (registry+https://github.com/rust-lang/crates.io-index)" = "1a48546a64cae47d06885e9bccadb99d0547d877a94c5167fa451ea33a484456"
"checksum shared_library 0.1.0 (registry+https://github.com/rust-lang/crates.io-index)" = "43d1282af7263edeefc195272617ee26b55f5236b6f0a3d21f72e2b0ee5f9f15"
"checksum shell32-sys 0.1.1 (registry+https://github.com/rust-lang/crates.io-index)" = "72f20b8f3c060374edb8046591ba28f62448c369ccbdc7b02075103fb3a9e38d"
"checksum smallvec 0.1.5 (registry+https://github.com/rust-lang/crates.io-index)" = "1cd0758692cbf4ad10ee2738f6f6eaac846bb3ccabd423f9b9a0bf088148ee78"
"checksum tempdir 0.3.4 (registry+https://github.com/rust-lang/crates.io-index)" = "0b62933a3f96cd559700662c34f8bab881d9e3540289fb4f368419c7f13a5aa9"
"checksum tempfile 1.1.1 (registry+https://github.com/rust-lang/crates.io-index)" = "025adacb9384f80ecaaa863132e7c609848281ce466e6419718007ff8864b130"
"checksum tobj 0.1.1 (registry+https://github.com/rust-lang/crates.io-index)" = "73a4e298e478ca608ac5081a7ae45d74dd4365fb385e415d372fc1b0aec4ce28"
"checksum user32-sys 0.1.2 (registry+https://github.com/rust-lang/crates.io-index)" = "6717129de5ac253f5642fc78a51d0c7de6f9f53d617fc94e9bae7f6e71cf5504"
"checksum wayland-client 0.2.1 (registry+https://github.com/rust-lang/crates.io-index)" = "15d0500075a5bd9c584ec896aac8f413106857e3462da5829e5833bf6c89afab"
"checksum wayland-kbd 0.2.0 (registry+https://github.com/rust-lang/crates.io-index)" = "a9970324f31794c12e460594efdd3d0a938456c3e2416168833a136c9dc4bdd8"
"checksum wayland-window 0.1.0 (registry+https://github.com/rust-lang/crates.io-index)" = "a645bfdd74d0cd879e93d8b81040a60336e88ae5663fa1b67feb2846fc527b40"
"checksum winapi 0.2.4 (registry+https://github.com/rust-lang/crates.io-index)" = "5350e40d908c7e8b9e5c9edb541ca47cc617c6229d3575a46da6f550f36c96fd"
"checksum winapi-build 0.1.1 (registry+https://github.com/rust-lang/crates.io-index)" = "2d315eee3b34aca4797b2da6b13ed88266e6d612562a0c46390af8299fc699bc"
"checksum x11-dl 2.0.1 (registry+https://github.com/rust-lang/crates.io-index)" = "095e3aefb6c232f2ca839b1cd4091a92c068028212ffb7d876b4fc31ebf794c7"
"checksum xml-rs 0.1.26 (registry+https://github.com/rust-lang/crates.io-index)" = "4bac8fd82b24db2dd3b54aa7b29f336d8b5ca1830065ce3aada71bce6f661519"
